{
  "name": "PleadApp",
  "version": "2.1.0",
  "lockfileVersion": 1,
  "requires": true,
  "dependencies": {
    "brcast": {
      "version": "2.0.2",
      "resolved": "https://registry.npmjs.org/brcast/-/brcast-2.0.2.tgz",
      "integrity": "sha512-Tfn5JSE7hrUlFcOoaLzVvkbgIemIorMIyoMr3TgvszWW7jFt2C9PdeMLtysYD9RU0MmU17b69+XJG1eRY2OBRg=="
    },
    "glamorous-native": {
      "version": "1.1.2",
      "resolved": "https://registry.npmjs.org/glamorous-native/-/glamorous-native-1.1.2.tgz",
      "integrity": "sha1-6Zx8WunuC+Qs7XX4WlbDpZMbEQM=",
      "requires": {
        "brcast": "2.0.2"
      }
    }
  }
}
