{
  "name": "PleadApp",
  "version": "2.1.0",
  "lockfileVersion": 1,
  "requires": true,
  "dependencies": {
    "babel-helper-is-react-class": {
      "version": "1.0.0",
      "resolved": "https://registry.npmjs.org/babel-helper-is-react-class/-/babel-helper-is-react-class-1.0.0.tgz",
      "integrity": "sha1-7282eLBcdtve7a3q16+YwnJNhDE=",
      "dev": true
    },
    "babel-plugin-transform-react-constant-elements": {
      "version": "6.23.0",
      "resolved": "https://registry.npmjs.org/babel-plugin-transform-react-constant-elements/-/babel-plugin-transform-react-constant-elements-6.23.0.tgz",
      "integrity": "sha1-LxGb9NLN1F65uqrldAU8YE9hR90=",
      "dev": true,
      "requires": {
        "babel-runtime": "6.26.0"
      }
    },
    "babel-plugin-transform-react-inline-elements": {
      "version": "6.22.0",
      "resolved": "https://registry.npmjs.org/babel-plugin-transform-react-inline-elements/-/babel-plugin-transform-react-inline-elements-6.22.0.tgz",
      "integrity": "sha1-ZochGjK0mlLyLFc6K1UEol7xfFM=",
      "dev": true,
      "requires": {
        "babel-runtime": "6.26.0"
      }
    },
    "babel-plugin-transform-react-pure-class-to-function": {
      "version": "1.0.1",
      "resolved": "https://registry.npmjs.org/babel-plugin-transform-react-pure-class-to-function/-/babel-plugin-transform-react-pure-class-to-function-1.0.1.tgz",
      "integrity": "sha1-MqZJyX1lMlC0Gc/RSJMxsCkNnuQ=",
      "dev": true,
      "requires": {
        "babel-helper-is-react-class": "1.0.0"
      }
    },
    "babel-plugin-transform-react-remove-prop-types": {
      "version": "0.2.12",
      "resolved": "https://registry.npmjs.org/babel-plugin-transform-react-remove-prop-types/-/babel-plugin-transform-react-remove-prop-types-0.2.12.tgz",
      "integrity": "sha1-NAZpbfC4tFYIn51ybSfn4SPS+Sk=",
      "dev": true
    },
    "babel-preset-react-optimize": {
      "version": "1.0.1",
      "resolved": "https://registry.npmjs.org/babel-preset-react-optimize/-/babel-preset-react-optimize-1.0.1.tgz",
      "integrity": "sha1-wjUJ+6fLx2195wUOfSa80ivDBOg=",
      "dev": true,
      "requires": {
        "babel-plugin-transform-react-constant-elements": "6.23.0",
        "babel-plugin-transform-react-inline-elements": "6.22.0",
        "babel-plugin-transform-react-pure-class-to-function": "1.0.1",
        "babel-plugin-transform-react-remove-prop-types": "0.2.12"
      }
    },
    "babel-runtime": {
      "version": "6.26.0",
      "resolved": "https://registry.npmjs.org/babel-runtime/-/babel-runtime-6.26.0.tgz",
      "integrity": "sha1-llxwWGaOgrVde/4E/yM3vItWR/4=",
      "dev": true,
      "requires": {
        "core-js": "2.5.1",
        "regenerator-runtime": "0.11.0"
      }
    },
    "base-64": {
      "version": "0.1.0",
      "resolved": "https://registry.npmjs.org/base-64/-/base-64-0.1.0.tgz",
      "integrity": "sha1-eAqZyE59YAJgNhURxId2E78k9rs=",
      "dev": true
    },
    "component-emitter": {
      "version": "1.2.0",
      "resolved": "https://registry.npmjs.org/component-emitter/-/component-emitter-1.2.0.tgz",
      "integrity": "sha1-zNETqGOI0GSC0D3j/H35hSa6jv4=",
      "dev": true
    },
    "core-js": {
      "version": "2.5.1",
      "resolved": "https://registry.npmjs.org/core-js/-/core-js-2.5.1.tgz",
      "integrity": "sha1-rmh03GaTd4m4B1T/VCjfZoGcpQs=",
      "dev": true
    },
    "cycle": {
      "version": "1.0.3",
      "resolved": "https://registry.npmjs.org/cycle/-/cycle-1.0.3.tgz",
      "integrity": "sha1-IegLK+hYD5i0aPN5QwZisEbDStI=",
      "dev": true
    },
    "get-params": {
      "version": "0.1.2",
      "resolved": "https://registry.npmjs.org/get-params/-/get-params-0.1.2.tgz",
      "integrity": "sha1-uuDfq6WIoMYNeDTA2Nwv9g7u8v4=",
      "dev": true
    },
    "jsan": {
      "version": "3.1.9",
      "resolved": "https://registry.npmjs.org/jsan/-/jsan-3.1.9.tgz",
      "integrity": "sha1-JwVnbBBY8KfZrCZq0Daldpz6fJY=",
      "dev": true
    },
    "linked-list": {
      "version": "0.1.0",
      "resolved": "https://registry.npmjs.org/linked-list/-/linked-list-0.1.0.tgz",
      "integrity": "sha1-eYsP+X0bkqT9CEgPVa6k6dSdN78=",
      "dev": true
    },
    "lodash": {
      "version": "4.17.4",
      "resolved": "https://registry.npmjs.org/lodash/-/lodash-4.17.4.tgz",
      "integrity": "sha1-eCA6TRwyiuHYbcpkYONptX9AVa4=",
      "dev": true
    },
    "options": {
      "version": "0.0.6",
      "resolved": "https://registry.npmjs.org/options/-/options-0.0.6.tgz",
      "integrity": "sha1-7CLTEoBrtT5zF3Pnza788cZDEo8=",
      "dev": true
    },
    "querystring": {
      "version": "0.2.0",
      "resolved": "https://registry.npmjs.org/querystring/-/querystring-0.2.0.tgz",
      "integrity": "sha1-sgmEkgO7Jd+CDadW50cAWHhSFiA=",
      "dev": true
    },
    "react-native-keyboard-spacer": {
      "version": "0.4.0",
      "resolved": "https://registry.npmjs.org/react-native-keyboard-spacer/-/react-native-keyboard-spacer-0.4.0.tgz",
      "integrity": "sha1-6MTa5F4uFbWJwKgmkMRtuCotFDE="
    },
    "redux-devtools-instrument": {
      "version": "1.8.2",
      "resolved": "https://registry.npmjs.org/redux-devtools-instrument/-/redux-devtools-instrument-1.8.2.tgz",
      "integrity": "sha1-XpHP5ALnkNrj/S8NI197fYSwn/4=",
      "dev": true,
      "requires": {
        "lodash": "4.17.4",
        "symbol-observable": "1.0.4"
      }
    },
    "regenerator-runtime": {
      "version": "0.11.0",
      "resolved": "https://registry.npmjs.org/regenerator-runtime/-/regenerator-runtime-0.11.0.tgz",
      "integrity": "sha512-/aA0kLeRb5N9K0d4fw7ooEbI+xDe+DKD499EQqygGqeS8N3xto15p09uY2xj7ixP81sNPXvRLnAQIqdVStgb1A==",
      "dev": true
    },
    "remote-redux-devtools": {
      "version": "0.4.9",
      "resolved": "https://registry.npmjs.org/remote-redux-devtools/-/remote-redux-devtools-0.4.9.tgz",
      "integrity": "sha1-3gbqRK7wtZePP29n/FWQ/sWsU1Q=",
      "dev": true,
      "requires": {
        "jsan": "3.1.9",
        "querystring": "0.2.0",
        "redux-devtools-instrument": "1.8.2",
        "remotedev-utils": "0.0.5",
        "socketcluster-client": "4.3.19"
      }
    },
    "remotedev-utils": {
      "version": "0.0.5",
      "resolved": "https://registry.npmjs.org/remotedev-utils/-/remotedev-utils-0.0.5.tgz",
      "integrity": "sha1-UYFqe4VvO1oWGsdL2R9vALJSLHQ=",
      "dev": true,
      "requires": {
        "get-params": "0.1.2",
        "lodash": "4.17.4"
      }
    },
    "sc-channel": {
      "version": "1.0.6",
      "resolved": "https://registry.npmjs.org/sc-channel/-/sc-channel-1.0.6.tgz",
      "integrity": "sha1-s4vUepk+eCkPvFNGeGf2sqCghjk=",
      "dev": true,
      "requires": {
        "sc-emitter": "1.0.1"
      }
    },
    "sc-emitter": {
      "version": "1.0.1",
      "resolved": "https://registry.npmjs.org/sc-emitter/-/sc-emitter-1.0.1.tgz",
      "integrity": "sha1-D79SlQycaBYjXOyZVEzsOKUBB2M=",
      "dev": true,
      "requires": {
        "component-emitter": "1.2.0"
      }
    },
    "sc-errors": {
      "version": "1.0.6",
      "resolved": "https://registry.npmjs.org/sc-errors/-/sc-errors-1.0.6.tgz",
      "integrity": "sha1-gOd8NjSLLIi75+rY3GO+YfNLcQM=",
      "dev": true,
      "requires": {
        "cycle": "1.0.3"
      }
    },
    "sc-formatter": {
      "version": "1.0.4",
      "resolved": "https://registry.npmjs.org/sc-formatter/-/sc-formatter-1.0.4.tgz",
      "integrity": "sha1-qfNbk3Mcj4TrouH9kod2oK/Luks=",
      "dev": true
    },
    "sc-ws": {
      "version": "1.0.2",
      "resolved": "https://registry.npmjs.org/sc-ws/-/sc-ws-1.0.2.tgz",
      "integrity": "sha1-dcHFFRcS84hIK//AByXPsm5YH9g=",
      "dev": true,
      "requires": {
        "options": "0.0.6",
        "ultron": "1.0.2"
      }
    },
    "socketcluster-client": {
      "version": "4.3.19",
      "resolved": "https://registry.npmjs.org/socketcluster-client/-/socketcluster-client-4.3.19.tgz",
      "integrity": "sha1-3yR2YuKetUFgySPwLq+Vg5SZTLU=",
      "dev": true,
      "requires": {
        "base-64": "0.1.0",
        "linked-list": "0.1.0",
        "sc-channel": "1.0.6",
        "sc-emitter": "1.0.1",
        "sc-errors": "1.0.6",
        "sc-formatter": "1.0.4",
        "sc-ws": "1.0.2"
      }
    },
    "symbol-observable": {
      "version": "1.0.4",
      "resolved": "https://registry.npmjs.org/symbol-observable/-/symbol-observable-1.0.4.tgz",
      "integrity": "sha1-Kb9hXUqnEhvdiYsi1LP5vE4qoD0=",
      "dev": true
    },
    "ultron": {
      "version": "1.0.2",
      "resolved": "https://registry.npmjs.org/ultron/-/ultron-1.0.2.tgz",
      "integrity": "sha1-rOEWq1V80Zc4ak6I9GhTeMiy5Po=",
      "dev": true
    }
  }
}
